
Microsoft Visual Studio Solution File, Format Version 12.00
# Visual Studio Version 17
VisualStudioVersion = 17.10.34928.147
MinimumVisualStudioVersion = 10.0.40219.1
Project("{FAE04EC0-301F-11D3-BF4B-00C04F79EFBC}") = "CRUDtasks", "CRUDtasks\CRUDtasks.csproj", "{6734BB0D-62DE-441C-A4AA-5C96450D31C4}"
EndProject
Global
	GlobalSection(SolutionConfigurationPlatforms) = preSolution
		Debug|Any CPU = Debug|Any CPU
		Release|Any CPU = Release|Any CPU
	EndGlobalSection
	GlobalSection(ProjectConfigurationPlatforms) = postSolution
		{6734BB0D-62DE-441C-A4AA-5C96450D31C4}.Debug|Any CPU.ActiveCfg = Debug|Any CPU
		{6734BB0D-62DE-441C-A4AA-5C96450D31C4}.Debug|Any CPU.Build.0 = Debug|Any CPU
		{6734BB0D-62DE-441C-A4AA-5C96450D31C4}.Release|Any CPU.ActiveCfg = Release|Any CPU
		{6734BB0D-62DE-441C-A4AA-5C96450D31C4}.Release|Any CPU.Build.0 = Release|Any CPU
	EndGlobalSection
	GlobalSection(SolutionProperties) = preSolution
		HideSolutionNode = FALSE
	EndGlobalSection
	GlobalSection(ExtensibilityGlobals) = postSolution
		SolutionGuid = {0A094CC6-7322-475B-A24C-EFBE4D9D30CB}
	EndGlobalSection
EndGlobal
